%{
  "amnesia": {:hex, :amnesia, "0.2.8", "81199a1c4c8db886cfb8ea159f746d5ffdb188bee96cb944f63bdb4465b09fa0", [:mix], [{:exquisite, "~> 0.1.7", [hex: :exquisite, repo: "hexpm", optional: false]}], "hexpm", "6037898c974457809ffa1f9a74cccab8f48c99b206aee9b3fc7bb3af73b06b14"},
  "exquisite": {:hex, :exquisite, "0.1.10", "e3ca4f8b812696a40a6da3bcd4e9861cef879ee2eb239d5485b0f96885fc9fba", [:mix], [], "hexpm", "0af9319851f1e21dd4adab812c82247f05e11cc19820fa17cc74afd696e2313c"},
  "jason": {:hex, :jason, "1.4.0", "e855647bc964a44e2f67df589ccf49105ae039d4179db7f6271dfd3843dc27e6", [:mix], [{:decimal, "~> 1.0 or ~> 2.0", [hex: :decimal, repo: "hexpm", optional: true]}], "hexpm", "79a3791085b2a0f743ca04cec0f7be26443738779d09302e01318f97bdb82121"},
  "poison": {:hex, :poison, "5.0.0", "d2b54589ab4157bbb82ec2050757779bfed724463a544b6e20d79855a9e43b24", [:mix], [{:decimal, "~> 2.0", [hex: :decimal, repo: "hexpm", optional: true]}], "hexpm", "11dc6117c501b80c62a7594f941d043982a1bd05a1184280c0d9166eb4d8d3fc"},
}
