%{
  "amnesia": {:hex, :amnesia, "0.2.8", "81199a1c4c8db886cfb8ea159f746d5ffdb188bee96cb944f63bdb4465b09fa0", [:mix], [{:exquisite, "~> 0.1.7", [hex: :exquisite, repo: "hexpm", optional: false]}], "hexpm", "6037898c974457809ffa1f9a74cccab8f48c99b206aee9b3fc7bb3af73b06b14"},
  "axon": {:hex, :axon, "0.2.0", "5b094a4efb26792cfa9d4ec086ad4a710050d5e0000e8f40db81dd8fba4d0c5e", [:mix], [{:nx, "~> 0.3.0", [hex: :nx, repo: "hexpm", optional: false]}, {:table_rex, "~> 3.1.1", [hex: :table_rex, repo: "hexpm", optional: false]}], "hexpm", "215e595fe2d68f2c65a52be92ae2e77133300e2c7cba25cf8624fd2af9dd783e"},
  "complex": {:hex, :complex, "0.4.3", "84db4aad241099a8785446ac6eacf498bf3a60634a0e45c7745d875714ddbf98", [:mix], [], "hexpm", "2ceda96ebddcc22697974f1a2666d4cc5dfdd34f8cd8c4f9dced037bcb41eeb5"},
  "elixir_make": {:hex, :elixir_make, "0.7.6", "67716309dc5d43e16b5abbd00c01b8df6a0c2ab54a8f595468035a50189f9169", [:mix], [{:castore, "~> 0.1 or ~> 1.0", [hex: :castore, repo: "hexpm", optional: true]}], "hexpm", "5a0569756b0f7873a77687800c164cca6dfc03a09418e6fcf853d78991f49940"},
  "exla": {:hex, :exla, "0.3.0", "7f282768bdd7ee47bf784fd47750a5c4a75374ae50a54ceb71edd02406e15026", [:make, :mix], [{:elixir_make, "~> 0.6", [hex: :elixir_make, repo: "hexpm", optional: false]}, {:nx, "~> 0.3.0", [hex: :nx, repo: "hexpm", optional: false]}, {:xla, "~> 0.3.0", [hex: :xla, repo: "hexpm", optional: false]}], "hexpm", "0479ee3652795f5b14bd85f031184d0b7a66b91efa6f5a41bde9e292da17b1e8"},
  "exquisite": {:hex, :exquisite, "0.1.10", "e3ca4f8b812696a40a6da3bcd4e9861cef879ee2eb239d5485b0f96885fc9fba", [:mix], [], "hexpm", "0af9319851f1e21dd4adab812c82247f05e11cc19820fa17cc74afd696e2313c"},
  "jason": {:hex, :jason, "1.4.0", "e855647bc964a44e2f67df589ccf49105ae039d4179db7f6271dfd3843dc27e6", [:mix], [{:decimal, "~> 1.0 or ~> 2.0", [hex: :decimal, repo: "hexpm", optional: true]}], "hexpm", "79a3791085b2a0f743ca04cec0f7be26443738779d09302e01318f97bdb82121"},
  "nx": {:hex, :nx, "0.3.0", "12448769619ed1442e22bd198faf4629ae3d0ee3ed565e42be49829cc42bf35f", [:mix], [{:complex, "~> 0.4.2", [hex: :complex, repo: "hexpm", optional: false]}], "hexpm", "d08d8962f4379ade54281aad84c45cb7eb0118b406fc836f07b94acc40df5859"},
  "poison": {:hex, :poison, "5.0.0", "d2b54589ab4157bbb82ec2050757779bfed724463a544b6e20d79855a9e43b24", [:mix], [{:decimal, "~> 2.0", [hex: :decimal, repo: "hexpm", optional: true]}], "hexpm", "11dc6117c501b80c62a7594f941d043982a1bd05a1184280c0d9166eb4d8d3fc"},
  "table_rex": {:hex, :table_rex, "3.1.1", "0c67164d1714b5e806d5067c1e96ff098ba7ae79413cc075973e17c38a587caa", [:mix], [], "hexpm", "678a23aba4d670419c23c17790f9dcd635a4a89022040df7d5d772cb21012490"},
  "xla": {:hex, :xla, "0.3.0", "7f40d3d799447bd745e6e61985c922821e355eca37c25754bac299d11f137f2e", [:make, :mix], [{:elixir_make, "~> 0.4", [hex: :elixir_make, repo: "hexpm", optional: false]}], "hexpm", "0de304f5624ea2f2ae1afdcbd72d33855364be36fed2cc5de8d6d2ec8950926e"},
}
